// !$*UTF8*$!
{
	archiveVersion = 1;
	classes = {
	};
	objectVersion = 46;
	objects = {

/* Begin PBXBuildFile section */
		A76A5F051BE39923005FA444 /* SwiftyDataSources.h in Headers */ = {isa = PBXBuildFile; fileRef = A76A5F041BE39923005FA444 /* SwiftyDataSources.h */; settings = {ATTRIBUTES = (Public, ); }; };
		A76A5F3E1BE39BBC005FA444 /* SwiftyDataSources.swift in Sources */ = {isa = PBXBuildFile; fileRef = A76A5F3D1BE39BBC005FA444 /* SwiftyDataSources.swift */; };
		A76A5F401BE39BEE005FA444 /* SwiftyCellProtocols.swift in Sources */ = {isa = PBXBuildFile; fileRef = A76A5F3F1BE39BEE005FA444 /* SwiftyCellProtocols.swift */; };
/* End PBXBuildFile section */

/* Begin PBXFileReference section */
		A76A5F011BE39923005FA444 /* SwiftyDataSources.framework */ = {isa = PBXFileReference; explicitFileType = wrapper.framework; includeInIndex = 0; path = SwiftyDataSources.framework; sourceTree = BUILT_PRODUCTS_DIR; };
		A76A5F041BE39923005FA444 /* SwiftyDataSources.h */ = {isa = PBXFileReference; lastKnownFileType = sourcecode.c.h; path = SwiftyDataSources.h; sourceTree = "<group>"; };
		A76A5F061BE39923005FA444 /* Info.plist */ = {isa = PBXFileReference; lastKnownFileType = text.plist.xml; path = Info.plist; sourceTree = "<group>"; };
		A76A5F3D1BE39BBC005FA444 /* SwiftyDataSources.swift */ = {isa = PBXFileReference; fileEncoding = 4; lastKnownFileType = sourcecode.swift; path = SwiftyDataSources.swift; sourceTree = "<group>"; };
		A76A5F3F1BE39BEE005FA444 /* SwiftyCellProtocols.swift */ = {isa = PBXFileReference; fileEncoding = 4; lastKnownFileType = sourcecode.swift; path = SwiftyCellProtocols.swift; sourceTree = "<group>"; };
/* End PBXFileReference section */

/* Begin PBXFrameworksBuildPhase section */
		A76A5EFD1BE39923005FA444 /* Frameworks */ = {
			isa = PBXFrameworksBuildPhase;
			buildActionMask = 2147483647;
			files = (
			);
			runOnlyForDeploymentPostprocessing = 0;
		};
/* End PBXFrameworksBuildPhase section */

/* Begin PBXGroup section */
		A76A5EF71BE39923005FA444 = {
			isa = PBXGroup;
			children = (
				A76A5F031BE39923005FA444 /* SwiftyDataSources */,
				A76A5F021BE39923005FA444 /* Products */,
			);
			sourceTree = "<group>";
		};
		A76A5F021BE39923005FA444 /* Products */ = {
			isa = PBXGroup;
			children = (
				A76A5F011BE39923005FA444 /* SwiftyDataSources.framework */,
			);
			name = Products;
			sourceTree = "<group>";
		};
		A76A5F031BE39923005FA444 /* SwiftyDataSources */ = {
			isa = PBXGroup;
			children = (
				A76A5F3D1BE39BBC005FA444 /* SwiftyDataSources.swift */,
				A76A5F3F1BE39BEE005FA444 /* SwiftyCellProtocols.swift */,
				A76A5F041BE39923005FA444 /* SwiftyDataSources.h */,
				A76A5F061BE39923005FA444 /* Info.plist */,
			);
			path = SwiftyDataSources;
			sourceTree = "<group>";
		};
/* End PBXGroup section */

/* Begin PBXHeadersBuildPhase section */
		A76A5EFE1BE39923005FA444 /* Headers */ = {
			isa = PBXHeadersBuildPhase;
			buildActionMask = 2147483647;
			files = (
				A76A5F051BE39923005FA444 /* SwiftyDataSources.h in Headers */,
			);
			runOnlyForDeploymentPostprocessing = 0;
		};
/* End PBXHeadersBuildPhase section */

/* Begin PBXNativeTarget section */
		A76A5F001BE39923005FA444 /* SwiftyDataSources */ = {
			isa = PBXNativeTarget;
			buildConfigurationList = A76A5F091BE39923005FA444 /* Build configuration list for PBXNativeTarget "SwiftyDataSources" */;
			buildPhases = (
				A76A5EFC1BE39923005FA444 /* Sources */,
				A76A5EFD1BE39923005FA444 /* Frameworks */,
				A76A5EFE1BE39923005FA444 /* Headers */,
				A76A5EFF1BE39923005FA444 /* Resources */,
			);
			buildRules = (
			);
			dependencies = (
			);
			name = SwiftyDataSources;
			productName = SwiftyDataSources;
			productReference = A76A5F011BE39923005FA444 /* SwiftyDataSources.framework */;
			productType = "com.apple.product-type.framework";
		};
/* End PBXNativeTarget section */

/* Begin PBXProject section */
		A76A5EF81BE39923005FA444 /* Project object */ = {
			isa = PBXProject;
			attributes = {
				LastUpgradeCheck = 0710;
				ORGANIZATIONNAME = MacPaw;
				TargetAttributes = {
					A76A5F001BE39923005FA444 = {
						CreatedOnToolsVersion = 7.1;
					};
				};
			};
			buildConfigurationList = A76A5EFB1BE39923005FA444 /* Build configuration list for PBXProject "SwiftyDataSources" */;
			compatibilityVersion = "Xcode 3.2";
			developmentRegion = English;
			hasScannedForEncodings = 0;
			knownRegions = (
				en,
			);
			mainGroup = A76A5EF71BE39923005FA444;
			productRefGroup = A76A5F021BE39923005FA444 /* Products */;
			projectDirPath = "";
			projectRoot = "";
			targets = (
				A76A5F001BE39923005FA444 /* SwiftyDataSources */,
			);
		};
/* End PBXProject section */

/* Begin PBXResourcesBuildPhase section */
		A76A5EFF1BE39923005FA444 /* Resources */ = {
			isa = PBXResourcesBuildPhase;
			buildActionMask = 2147483647;
			files = (
			);
			runOnlyForDeploymentPostprocessing = 0;
		};
/* End PBXResourcesBuildPhase section */

/* Begin PBXSourcesBuildPhase section */
		A76A5EFC1BE39923005FA444 /* Sources */ = {
			isa = PBXSourcesBuildPhase;
			buildActionMask = 2147483647;
			files = (
				A76A5F3E1BE39BBC005FA444 /* SwiftyDataSources.swift in Sources */,
				A76A5F401BE39BEE005FA444 /* SwiftyCellProtocols.swift in Sources */,
			);
			runOnlyForDeploymentPostprocessing = 0;
		};
/* End PBXSourcesBuildPhase section */

/* Begin XCBuildConfiguration section */
		A76A5F071BE39923005FA444 /* Debug */ = {
			isa = XCBuildConfiguration;
			buildSettings = {
				ALWAYS_SEARCH_USER_PATHS = NO;
				CLANG_CXX_LANGUAGE_STANDARD = "gnu++0x";
				CLANG_CXX_LIBRARY = "libc++";
				CLANG_ENABLE_MODULES = YES;
				CLANG_ENABLE_OBJC_ARC = YES;
				CLANG_WARN_BOOL_CONVERSION = YES;
				CLANG_WARN_CONSTANT_CONVERSION = YES;
				CLANG_WARN_DIRECT_OBJC_ISA_USAGE = YES_ERROR;
				CLANG_WARN_EMPTY_BODY = YES;
				CLANG_WARN_ENUM_CONVERSION = YES;
				CLANG_WARN_INT_CONVERSION = YES;
				CLANG_WARN_OBJC_ROOT_CLASS = YES_ERROR;
				CLANG_WARN_UNREACHABLE_CODE = YES;
				CLANG_WARN__DUPLICATE_METHOD_MATCH = YES;
				"CODE_SIGN_IDENTITY[sdk=iphoneos*]" = "iPhone Developer";
				COPY_PHASE_STRIP = NO;
				CURRENT_PROJECT_VERSION = 1;
				DEBUG_INFORMATION_FORMAT = dwarf;
				ENABLE_STRICT_OBJC_MSGSEND = YES;
				ENABLE_TESTABILITY = YES;
				GCC_C_LANGUAGE_STANDARD = gnu99;
				GCC_DYNAMIC_NO_PIC = NO;
				GCC_NO_COMMON_BLOCKS = YES;
				GCC_OPTIMIZATION_LEVEL = 0;
				GCC_PREPROCESSOR_DEFINITIONS = (
					"DEBUG=1",
					"$(inherited)",
				);
				GCC_WARN_64_TO_32_BIT_CONVERSION = YES;
				GCC_WARN_ABOUT_RETURN_TYPE = YES_ERROR;
				GCC_WARN_UNDECLARED_SELECTOR = YES;
				GCC_WARN_UNINITIALIZED_AUTOS = YES_AGGRESSIVE;
				GCC_WARN_UNUSED_FUNCTION = YES;
				GCC_WARN_UNUSED_VARIABLE = YES;
				IPHONEOS_DEPLOYMENT_TARGET = 9.1;
				MTL_ENABLE_DEBUG_INFO = YES;
				ONLY_ACTIVE_ARCH = YES;
				SDKROOT = iphoneos;
				SWIFT_OPTIMIZATION_LEVEL = "-Onone";
				TARGETED_DEVICE_FAMILY = "1,2";
				VERSIONING_SYSTEM = "apple-generic";
				VERSION_INFO_PREFIX = "";
			};
			name = Debug;
		};
		A76A5F081BE39923005FA444 /* Release */ = {
			isa = XCBuildConfiguration;
			buildSettings = {
				ALWAYS_SEARCH_USER_PATHS = NO;
				CLANG_CXX_LANGUAGE_STANDARD = "gnu++0x";
				CLANG_CXX_LIBRARY = "libc++";
				CLANG_ENABLE_MODULES = YES;
				CLANG_ENABLE_OBJC_ARC = YES;
				CLANG_WARN_BOOL_CONVERSION = YES;
				CLANG_WARN_CONSTANT_CONVERSION = YES;
				CLANG_WARN_DIRECT_OBJC_ISA_USAGE = YES_ERROR;
				CLANG_WARN_EMPTY_BODY = YES;
				CLANG_WARN_ENUM_CONVERSION = YES;
				CLANG_WARN_INT_CONVERSION = YES;
				CLANG_WARN_OBJC_ROOT_CLASS = YES_ERROR;
				CLANG_WARN_UNREACHABLE_CODE = YES;
				CLANG_WARN__DUPLICATE_METHOD_MATCH = YES;
				"CODE_SIGN_IDENTITY[sdk=iphoneos*]" = "iPhone Developer";
				COPY_PHASE_STRIP = NO;
				CURRENT_PROJECT_VERSION = 1;
				DEBUG_INFORMATION_FORMAT = "dwarf-with-dsym";
				ENABLE_NS_ASSERTIONS = NO;
				ENABLE_STRICT_OBJC_MSGSEND = YES;
				GCC_C_LANGUAGE_STANDARD = gnu99;
				GCC_NO_COMMON_BLOCKS = YES;
				GCC_WARN_64_TO_32_BIT_CONVERSION = YES;
				GCC_WARN_ABOUT_RETURN_TYPE = YES_ERROR;
				GCC_WARN_UNDECLARED_SELECTOR = YES;
				GCC_WARN_UNINITIALIZED_AUTOS = YES_AGGRESSIVE;
				GCC_WARN_UNUSED_FUNCTION = YES;
				GCC_WARN_UNUSED_VARIABLE = YES;
				IPHONEOS_DEPLOYMENT_TARGET = 9.1;
				MTL_ENABLE_DEBUG_INFO = NO;
				SDKROOT = iphoneos;
				TARGETED_DEVICE_FAMILY = "1,2";
				VALIDATE_PRODUCT = YES;
				VERSIONING_SYSTEM = "apple-generic";
				VERSION_INFO_PREFIX = "";
			};
			name = Release;
		};
		A76A5F0A1BE39923005FA444 /* Debug */ = {
			isa = XCBuildConfiguration;
			buildSettings = {
				CLANG_ENABLE_MODULES = YES;
				DEFINES_MODULE = YES;
				DYLIB_COMPATIBILITY_VERSION = 1;
				DYLIB_CURRENT_VERSION = 1;
				DYLIB_INSTALL_NAME_BASE = "@rpath";
				INFOPLIST_FILE = SwiftyDataSources/Info.plist;
				INSTALL_PATH = "$(LOCAL_LIBRARY_DIR)/Frameworks";
				LD_RUNPATH_SEARCH_PATHS = "$(inherited) @executable_path/Frameworks @loader_path/Frameworks";
				PRODUCT_BUNDLE_IDENTIFIER = com.home.swiftydatasources.SwiftyDataSources;
				PRODUCT_NAME = "$(TARGET_NAME)";
				SKIP_INSTALL = YES;
				SWIFT_OPTIMIZATION_LEVEL = "-Onone";
			};
			name = Debug;
		};
		A76A5F0B1BE39923005FA444 /* Release */ = {
			isa = XCBuildConfiguration;
			buildSettings = {
				CLANG_ENABLE_MODULES = YES;
				DEFINES_MODULE = YES;
				DYLIB_COMPATIBILITY_VERSION = 1;
				DYLIB_CURRENT_VERSION = 1;
				DYLIB_INSTALL_NAME_BASE = "@rpath";
				INFOPLIST_FILE = SwiftyDataSources/Info.plist;
				INSTALL_PATH = "$(LOCAL_LIBRARY_DIR)/Frameworks";
				LD_RUNPATH_SEARCH_PATHS = "$(inherited) @executable_path/Frameworks @loader_path/Frameworks";
				PRODUCT_BUNDLE_IDENTIFIER = com.home.swiftydatasources.SwiftyDataSources;
				PRODUCT_NAME = "$(TARGET_NAME)";
				SKIP_INSTALL = YES;
			};
			name = Release;
		};
/* End XCBuildConfiguration section */

/* Begin XCConfigurationList section */
		A76A5EFB1BE39923005FA444 /* Build configuration list for PBXProject "SwiftyDataSources" */ = {
			isa = XCConfigurationList;
			buildConfigurations = (
				A76A5F071BE39923005FA444 /* Debug */,
				A76A5F081BE39923005FA444 /* Release */,
			);
			defaultConfigurationIsVisible = 0;
			defaultConfigurationName = Release;
		};
		A76A5F091BE39923005FA444 /* Build configuration list for PBXNativeTarget "SwiftyDataSources" */ = {
			isa = XCConfigurationList;
			buildConfigurations = (
				A76A5F0A1BE39923005FA444 /* Debug */,
				A76A5F0B1BE39923005FA444 /* Release */,
			);
			defaultConfigurationIsVisible = 0;
		};
/* End XCConfigurationList section */
	};
	rootObject = A76A5EF81BE39923005FA444 /* Project object */;
}
